
Microsoft Visual Studio Solution File, Format Version 12.00
# Visual Studio Version 17
VisualStudioVersion = 17.11.35208.52
MinimumVisualStudioVersion = 10.0.40219.1
Project("{9A19103F-16F7-4668-BE54-9A1E7A4F7556}") = "ScraperService", "ScraperService.csproj", "{6DD9C76A-2CB7-4FAE-9A45-01B1A6C9FAE9}"
EndProject
Project("{FAE04EC0-301F-11D3-BF4B-00C04F79EFBC}") = "DAL", "DAL\DAL.csproj", "{5F483BFC-AE47-47C7-B26D-A8E8AB767B32}"
EndProject
Project("{FAE04EC0-301F-11D3-BF4B-00C04F79EFBC}") = "BLL", "BLL\BLL.csproj", "{D47EACDF-C479-451A-965D-47D0D98EB0CF}"
EndProject
Project("{FAE04EC0-301F-11D3-BF4B-00C04F79EFBC}") = "MPP", "MPP\MPP.csproj", "{BB5DB9DC-34BB-4C01-979C-CD870B26A74C}"
EndProject
Project("{FAE04EC0-301F-11D3-BF4B-00C04F79EFBC}") = "BE", "BE\BE.csproj", "{4F306835-528F-4748-BC87-67BE775935EE}"
EndProject
Global
	GlobalSection(SolutionConfigurationPlatforms) = preSolution
		Debug|Any CPU = Debug|Any CPU
		Release|Any CPU = Release|Any CPU
	EndGlobalSection
	GlobalSection(ProjectConfigurationPlatforms) = postSolution
		{6DD9C76A-2CB7-4FAE-9A45-01B1A6C9FAE9}.Debug|Any CPU.ActiveCfg = Debug|Any CPU
		{6DD9C76A-2CB7-4FAE-9A45-01B1A6C9FAE9}.Debug|Any CPU.Build.0 = Debug|Any CPU
		{6DD9C76A-2CB7-4FAE-9A45-01B1A6C9FAE9}.Release|Any CPU.ActiveCfg = Release|Any CPU
		{6DD9C76A-2CB7-4FAE-9A45-01B1A6C9FAE9}.Release|Any CPU.Build.0 = Release|Any CPU
		{5F483BFC-AE47-47C7-B26D-A8E8AB767B32}.Debug|Any CPU.ActiveCfg = Debug|Any CPU
		{5F483BFC-AE47-47C7-B26D-A8E8AB767B32}.Debug|Any CPU.Build.0 = Debug|Any CPU
		{5F483BFC-AE47-47C7-B26D-A8E8AB767B32}.Release|Any CPU.ActiveCfg = Release|Any CPU
		{5F483BFC-AE47-47C7-B26D-A8E8AB767B32}.Release|Any CPU.Build.0 = Release|Any CPU
		{D47EACDF-C479-451A-965D-47D0D98EB0CF}.Debug|Any CPU.ActiveCfg = Debug|Any CPU
		{D47EACDF-C479-451A-965D-47D0D98EB0CF}.Debug|Any CPU.Build.0 = Debug|Any CPU
		{D47EACDF-C479-451A-965D-47D0D98EB0CF}.Release|Any CPU.ActiveCfg = Release|Any CPU
		{D47EACDF-C479-451A-965D-47D0D98EB0CF}.Release|Any CPU.Build.0 = Release|Any CPU
		{BB5DB9DC-34BB-4C01-979C-CD870B26A74C}.Debug|Any CPU.ActiveCfg = Debug|Any CPU
		{BB5DB9DC-34BB-4C01-979C-CD870B26A74C}.Debug|Any CPU.Build.0 = Debug|Any CPU
		{BB5DB9DC-34BB-4C01-979C-CD870B26A74C}.Release|Any CPU.ActiveCfg = Release|Any CPU
		{BB5DB9DC-34BB-4C01-979C-CD870B26A74C}.Release|Any CPU.Build.0 = Release|Any CPU
		{4F306835-528F-4748-BC87-67BE775935EE}.Debug|Any CPU.ActiveCfg = Debug|Any CPU
		{4F306835-528F-4748-BC87-67BE775935EE}.Debug|Any CPU.Build.0 = Debug|Any CPU
		{4F306835-528F-4748-BC87-67BE775935EE}.Release|Any CPU.ActiveCfg = Release|Any CPU
		{4F306835-528F-4748-BC87-67BE775935EE}.Release|Any CPU.Build.0 = Release|Any CPU
	EndGlobalSection
	GlobalSection(SolutionProperties) = preSolution
		HideSolutionNode = FALSE
	EndGlobalSection
	GlobalSection(ExtensibilityGlobals) = postSolution
		SolutionGuid = {CCBB1EB1-258C-40CC-ADB6-818FE0139B38}
	EndGlobalSection
EndGlobal
